
Microsoft Visual Studio Solution File, Format Version 12.00
# Visual Studio Version 17
VisualStudioVersion = 17.0.32112.339
MinimumVisualStudioVersion = 10.0.40219.1
Project("{9A19103F-16F7-4668-BE54-9A1E7A4F7556}") = "T01. excellentResult", "excellentResult\T01. excellentResult.csproj", "{73CC835B-39FB-4B09-B47F-1630895E878E}"
EndProject
Project("{FAE04EC0-301F-11D3-BF4B-00C04F79EFBC}") = "T02. Greater Number", "T02. Greater Number\T02. Greater Number.csproj", "{C5D08D47-234A-47A7-B173-8DF0A798A313}"
EndProject
Project("{FAE04EC0-301F-11D3-BF4B-00C04F79EFBC}") = "T03. Even or Odd", "T03. Even or Odd\T03. Even or Odd.csproj", "{831EE8D6-4082-4676-AAD1-EC776E9331CA}"
EndProject
Project("{FAE04EC0-301F-11D3-BF4B-00C04F79EFBC}") = "T04. Password Guess", "T04. Password Guess\T04. Password Guess.csproj", "{702F7AA2-CDA0-4AF3-9D49-49D4CE2E283E}"
EndProject
Project("{FAE04EC0-301F-11D3-BF4B-00C04F79EFBC}") = "T05. Number 100-200", "T05. Number 100-200\T05. Number 100-200.csproj", "{0E81E93A-E2CB-406A-9905-55D6AE62647E}"
EndProject
Project("{FAE04EC0-301F-11D3-BF4B-00C04F79EFBC}") = "T06. Speed Info", "T06. Speed Info\T06. Speed Info.csproj", "{6E9FF825-901F-4F56-98D2-230E2B78D172}"
EndProject
Project("{FAE04EC0-301F-11D3-BF4B-00C04F79EFBC}") = "T07. Area of Figures", "T07. Area of Figures\T07. Area of Figures.csproj", "{28190D03-9DD6-4F57-9F4E-505E8085EF8C}"
EndProject
Global
	GlobalSection(SolutionConfigurationPlatforms) = preSolution
		Debug|Any CPU = Debug|Any CPU
		Release|Any CPU = Release|Any CPU
	EndGlobalSection
	GlobalSection(ProjectConfigurationPlatforms) = postSolution
		{73CC835B-39FB-4B09-B47F-1630895E878E}.Debug|Any CPU.ActiveCfg = Debug|Any CPU
		{73CC835B-39FB-4B09-B47F-1630895E878E}.Debug|Any CPU.Build.0 = Debug|Any CPU
		{73CC835B-39FB-4B09-B47F-1630895E878E}.Release|Any CPU.ActiveCfg = Release|Any CPU
		{73CC835B-39FB-4B09-B47F-1630895E878E}.Release|Any CPU.Build.0 = Release|Any CPU
		{C5D08D47-234A-47A7-B173-8DF0A798A313}.Debug|Any CPU.ActiveCfg = Debug|Any CPU
		{C5D08D47-234A-47A7-B173-8DF0A798A313}.Debug|Any CPU.Build.0 = Debug|Any CPU
		{C5D08D47-234A-47A7-B173-8DF0A798A313}.Release|Any CPU.ActiveCfg = Release|Any CPU
		{C5D08D47-234A-47A7-B173-8DF0A798A313}.Release|Any CPU.Build.0 = Release|Any CPU
		{831EE8D6-4082-4676-AAD1-EC776E9331CA}.Debug|Any CPU.ActiveCfg = Debug|Any CPU
		{831EE8D6-4082-4676-AAD1-EC776E9331CA}.Debug|Any CPU.Build.0 = Debug|Any CPU
		{831EE8D6-4082-4676-AAD1-EC776E9331CA}.Release|Any CPU.ActiveCfg = Release|Any CPU
		{831EE8D6-4082-4676-AAD1-EC776E9331CA}.Release|Any CPU.Build.0 = Release|Any CPU
		{702F7AA2-CDA0-4AF3-9D49-49D4CE2E283E}.Debug|Any CPU.ActiveCfg = Debug|Any CPU
		{702F7AA2-CDA0-4AF3-9D49-49D4CE2E283E}.Debug|Any CPU.Build.0 = Debug|Any CPU
		{702F7AA2-CDA0-4AF3-9D49-49D4CE2E283E}.Release|Any CPU.ActiveCfg = Release|Any CPU
		{702F7AA2-CDA0-4AF3-9D49-49D4CE2E283E}.Release|Any CPU.Build.0 = Release|Any CPU
		{0E81E93A-E2CB-406A-9905-55D6AE62647E}.Debug|Any CPU.ActiveCfg = Debug|Any CPU
		{0E81E93A-E2CB-406A-9905-55D6AE62647E}.Debug|Any CPU.Build.0 = Debug|Any CPU
		{0E81E93A-E2CB-406A-9905-55D6AE62647E}.Release|Any CPU.ActiveCfg = Release|Any CPU
		{0E81E93A-E2CB-406A-9905-55D6AE62647E}.Release|Any CPU.Build.0 = Release|Any CPU
		{6E9FF825-901F-4F56-98D2-230E2B78D172}.Debug|Any CPU.ActiveCfg = Debug|Any CPU
		{6E9FF825-901F-4F56-98D2-230E2B78D172}.Debug|Any CPU.Build.0 = Debug|Any CPU
		{6E9FF825-901F-4F56-98D2-230E2B78D172}.Release|Any CPU.ActiveCfg = Release|Any CPU
		{6E9FF825-901F-4F56-98D2-230E2B78D172}.Release|Any CPU.Build.0 = Release|Any CPU
		{28190D03-9DD6-4F57-9F4E-505E8085EF8C}.Debug|Any CPU.ActiveCfg = Debug|Any CPU
		{28190D03-9DD6-4F57-9F4E-505E8085EF8C}.Debug|Any CPU.Build.0 = Debug|Any CPU
		{28190D03-9DD6-4F57-9F4E-505E8085EF8C}.Release|Any CPU.ActiveCfg = Release|Any CPU
		{28190D03-9DD6-4F57-9F4E-505E8085EF8C}.Release|Any CPU.Build.0 = Release|Any CPU
	EndGlobalSection
	GlobalSection(SolutionProperties) = preSolution
		HideSolutionNode = FALSE
	EndGlobalSection
	GlobalSection(ExtensibilityGlobals) = postSolution
		SolutionGuid = {ECC9F60F-8654-4355-95DA-D7D51DDE90CF}
	EndGlobalSection
EndGlobal
