
Microsoft Visual Studio Solution File, Format Version 12.00
# Visual Studio Version 17
VisualStudioVersion = 17.1.32210.238
MinimumVisualStudioVersion = 10.0.40219.1
Project("{FAE04EC0-301F-11D3-BF4B-00C04F79EFBC}") = "01. Pipes In Pool", "01. Pipes In Pool\01. Pipes In Pool.csproj", "{E06B95FB-69EC-4E64-9C91-2231F138C0FC}"
EndProject
Project("{FAE04EC0-301F-11D3-BF4B-00C04F79EFBC}") = "02. Sleepy Tom Cat", "02. Sleepy Tom Cat\02. Sleepy Tom Cat.csproj", "{F38D7842-4A96-41AA-BCBD-7D9D1D0C144A}"
EndProject
Project("{FAE04EC0-301F-11D3-BF4B-00C04F79EFBC}") = "03. Harvest", "03. Harvest\03. Harvest.csproj", "{C93DDC7E-14FF-4AD8-AAE8-0C78E1AF9C64}"
EndProject
Project("{FAE04EC0-301F-11D3-BF4B-00C04F79EFBC}") = "04. Transport Price", "04. Transport Price\04. Transport Price.csproj", "{4AC594F2-C003-4056-AC09-FC52218D30D6}"
EndProject
Project("{FAE04EC0-301F-11D3-BF4B-00C04F79EFBC}") = "05. Firm", "05. Firm\05. Firm.csproj", "{BCDAE5A1-E4BA-4F0D-9FE2-CD63BBC090DF}"
EndProject
Project("{FAE04EC0-301F-11D3-BF4B-00C04F79EFBC}") = "06. Pets", "06. Pets\06. Pets.csproj", "{1ECB295B-B75F-40C9-84DA-0F97EAEBB414}"
EndProject
Project("{FAE04EC0-301F-11D3-BF4B-00C04F79EFBC}") = "07. Flower Shop", "07. Flower Shop\07. Flower Shop.csproj", "{69AF823B-A53B-4F4E-84AD-FEB31B4B375C}"
EndProject
Project("{FAE04EC0-301F-11D3-BF4B-00C04F79EFBC}") = "08. Fuel Tank", "08. Fuel Tank\08. Fuel Tank.csproj", "{5E5087A0-D5F6-44A7-878E-4F42F591C029}"
EndProject
Project("{FAE04EC0-301F-11D3-BF4B-00C04F79EFBC}") = "09. Fuel Tank - Part 2", "09. Fuel Tank - Part 2\09. Fuel Tank - Part 2.csproj", "{DDA95925-95C6-44CA-ABA6-D9EB184C814D}"
EndProject
Global
	GlobalSection(SolutionConfigurationPlatforms) = preSolution
		Debug|Any CPU = Debug|Any CPU
		Release|Any CPU = Release|Any CPU
	EndGlobalSection
	GlobalSection(ProjectConfigurationPlatforms) = postSolution
		{E06B95FB-69EC-4E64-9C91-2231F138C0FC}.Debug|Any CPU.ActiveCfg = Debug|Any CPU
		{E06B95FB-69EC-4E64-9C91-2231F138C0FC}.Debug|Any CPU.Build.0 = Debug|Any CPU
		{E06B95FB-69EC-4E64-9C91-2231F138C0FC}.Release|Any CPU.ActiveCfg = Release|Any CPU
		{E06B95FB-69EC-4E64-9C91-2231F138C0FC}.Release|Any CPU.Build.0 = Release|Any CPU
		{F38D7842-4A96-41AA-BCBD-7D9D1D0C144A}.Debug|Any CPU.ActiveCfg = Debug|Any CPU
		{F38D7842-4A96-41AA-BCBD-7D9D1D0C144A}.Debug|Any CPU.Build.0 = Debug|Any CPU
		{F38D7842-4A96-41AA-BCBD-7D9D1D0C144A}.Release|Any CPU.ActiveCfg = Release|Any CPU
		{F38D7842-4A96-41AA-BCBD-7D9D1D0C144A}.Release|Any CPU.Build.0 = Release|Any CPU
		{C93DDC7E-14FF-4AD8-AAE8-0C78E1AF9C64}.Debug|Any CPU.ActiveCfg = Debug|Any CPU
		{C93DDC7E-14FF-4AD8-AAE8-0C78E1AF9C64}.Debug|Any CPU.Build.0 = Debug|Any CPU
		{C93DDC7E-14FF-4AD8-AAE8-0C78E1AF9C64}.Release|Any CPU.ActiveCfg = Release|Any CPU
		{C93DDC7E-14FF-4AD8-AAE8-0C78E1AF9C64}.Release|Any CPU.Build.0 = Release|Any CPU
		{4AC594F2-C003-4056-AC09-FC52218D30D6}.Debug|Any CPU.ActiveCfg = Debug|Any CPU
		{4AC594F2-C003-4056-AC09-FC52218D30D6}.Debug|Any CPU.Build.0 = Debug|Any CPU
		{4AC594F2-C003-4056-AC09-FC52218D30D6}.Release|Any CPU.ActiveCfg = Release|Any CPU
		{4AC594F2-C003-4056-AC09-FC52218D30D6}.Release|Any CPU.Build.0 = Release|Any CPU
		{BCDAE5A1-E4BA-4F0D-9FE2-CD63BBC090DF}.Debug|Any CPU.ActiveCfg = Debug|Any CPU
		{BCDAE5A1-E4BA-4F0D-9FE2-CD63BBC090DF}.Debug|Any CPU.Build.0 = Debug|Any CPU
		{BCDAE5A1-E4BA-4F0D-9FE2-CD63BBC090DF}.Release|Any CPU.ActiveCfg = Release|Any CPU
		{BCDAE5A1-E4BA-4F0D-9FE2-CD63BBC090DF}.Release|Any CPU.Build.0 = Release|Any CPU
		{1ECB295B-B75F-40C9-84DA-0F97EAEBB414}.Debug|Any CPU.ActiveCfg = Debug|Any CPU
		{1ECB295B-B75F-40C9-84DA-0F97EAEBB414}.Debug|Any CPU.Build.0 = Debug|Any CPU
		{1ECB295B-B75F-40C9-84DA-0F97EAEBB414}.Release|Any CPU.ActiveCfg = Release|Any CPU
		{1ECB295B-B75F-40C9-84DA-0F97EAEBB414}.Release|Any CPU.Build.0 = Release|Any CPU
		{69AF823B-A53B-4F4E-84AD-FEB31B4B375C}.Debug|Any CPU.ActiveCfg = Debug|Any CPU
		{69AF823B-A53B-4F4E-84AD-FEB31B4B375C}.Debug|Any CPU.Build.0 = Debug|Any CPU
		{69AF823B-A53B-4F4E-84AD-FEB31B4B375C}.Release|Any CPU.ActiveCfg = Release|Any CPU
		{69AF823B-A53B-4F4E-84AD-FEB31B4B375C}.Release|Any CPU.Build.0 = Release|Any CPU
		{5E5087A0-D5F6-44A7-878E-4F42F591C029}.Debug|Any CPU.ActiveCfg = Debug|Any CPU
		{5E5087A0-D5F6-44A7-878E-4F42F591C029}.Debug|Any CPU.Build.0 = Debug|Any CPU
		{5E5087A0-D5F6-44A7-878E-4F42F591C029}.Release|Any CPU.ActiveCfg = Release|Any CPU
		{5E5087A0-D5F6-44A7-878E-4F42F591C029}.Release|Any CPU.Build.0 = Release|Any CPU
		{DDA95925-95C6-44CA-ABA6-D9EB184C814D}.Debug|Any CPU.ActiveCfg = Debug|Any CPU
		{DDA95925-95C6-44CA-ABA6-D9EB184C814D}.Debug|Any CPU.Build.0 = Debug|Any CPU
		{DDA95925-95C6-44CA-ABA6-D9EB184C814D}.Release|Any CPU.ActiveCfg = Release|Any CPU
		{DDA95925-95C6-44CA-ABA6-D9EB184C814D}.Release|Any CPU.Build.0 = Release|Any CPU
	EndGlobalSection
	GlobalSection(SolutionProperties) = preSolution
		HideSolutionNode = FALSE
	EndGlobalSection
	GlobalSection(ExtensibilityGlobals) = postSolution
		SolutionGuid = {D74B9C14-91F6-48BC-A00A-8D49EBBABE76}
	EndGlobalSection
EndGlobal
