
Microsoft Visual Studio Solution File, Format Version 12.00
# Visual Studio Version 17
VisualStudioVersion = 17.1.32210.238
MinimumVisualStudioVersion = 10.0.40219.1
Project("{FAE04EC0-301F-11D3-BF4B-00C04F79EFBC}") = "01. Dishwasher", "01. Dishwasher\01. Dishwasher.csproj", "{EDD2F523-883F-44E7-B8FD-C325D8CAECAD}"
EndProject
Project("{FAE04EC0-301F-11D3-BF4B-00C04F79EFBC}") = "02. Report System", "02. Report System\02. Report System.csproj", "{DFF9DACF-88B2-4E82-BA10-A4D813E3DE0B}"
EndProject
Project("{FAE04EC0-301F-11D3-BF4B-00C04F79EFBC}") = "03. Stream Of Letters", "03. Stream Of Letters\03. Stream Of Letters.csproj", "{5988A88B-1C52-49D4-A611-817ED824CA4F}"
EndProject
Project("{FAE04EC0-301F-11D3-BF4B-00C04F79EFBC}") = "04. Numbers Divided by 3 Without Reminder", "04. Numbers Divided by 3 Without Reminder\04. Numbers Divided by 3 Without Reminder.csproj", "{EDBE3B6C-3606-4FEA-8F36-C70278244248}"
EndProject
Project("{FAE04EC0-301F-11D3-BF4B-00C04F79EFBC}") = "05. Average Number", "05. Average Number\05. Average Number.csproj", "{F18937E4-025A-4AAD-801E-06EAAC954D04}"
EndProject
Global
	GlobalSection(SolutionConfigurationPlatforms) = preSolution
		Debug|Any CPU = Debug|Any CPU
		Release|Any CPU = Release|Any CPU
	EndGlobalSection
	GlobalSection(ProjectConfigurationPlatforms) = postSolution
		{EDD2F523-883F-44E7-B8FD-C325D8CAECAD}.Debug|Any CPU.ActiveCfg = Debug|Any CPU
		{EDD2F523-883F-44E7-B8FD-C325D8CAECAD}.Debug|Any CPU.Build.0 = Debug|Any CPU
		{EDD2F523-883F-44E7-B8FD-C325D8CAECAD}.Release|Any CPU.ActiveCfg = Release|Any CPU
		{EDD2F523-883F-44E7-B8FD-C325D8CAECAD}.Release|Any CPU.Build.0 = Release|Any CPU
		{DFF9DACF-88B2-4E82-BA10-A4D813E3DE0B}.Debug|Any CPU.ActiveCfg = Debug|Any CPU
		{DFF9DACF-88B2-4E82-BA10-A4D813E3DE0B}.Debug|Any CPU.Build.0 = Debug|Any CPU
		{DFF9DACF-88B2-4E82-BA10-A4D813E3DE0B}.Release|Any CPU.ActiveCfg = Release|Any CPU
		{DFF9DACF-88B2-4E82-BA10-A4D813E3DE0B}.Release|Any CPU.Build.0 = Release|Any CPU
		{5988A88B-1C52-49D4-A611-817ED824CA4F}.Debug|Any CPU.ActiveCfg = Debug|Any CPU
		{5988A88B-1C52-49D4-A611-817ED824CA4F}.Debug|Any CPU.Build.0 = Debug|Any CPU
		{5988A88B-1C52-49D4-A611-817ED824CA4F}.Release|Any CPU.ActiveCfg = Release|Any CPU
		{5988A88B-1C52-49D4-A611-817ED824CA4F}.Release|Any CPU.Build.0 = Release|Any CPU
		{EDBE3B6C-3606-4FEA-8F36-C70278244248}.Debug|Any CPU.ActiveCfg = Debug|Any CPU
		{EDBE3B6C-3606-4FEA-8F36-C70278244248}.Debug|Any CPU.Build.0 = Debug|Any CPU
		{EDBE3B6C-3606-4FEA-8F36-C70278244248}.Release|Any CPU.ActiveCfg = Release|Any CPU
		{EDBE3B6C-3606-4FEA-8F36-C70278244248}.Release|Any CPU.Build.0 = Release|Any CPU
		{F18937E4-025A-4AAD-801E-06EAAC954D04}.Debug|Any CPU.ActiveCfg = Debug|Any CPU
		{F18937E4-025A-4AAD-801E-06EAAC954D04}.Debug|Any CPU.Build.0 = Debug|Any CPU
		{F18937E4-025A-4AAD-801E-06EAAC954D04}.Release|Any CPU.ActiveCfg = Release|Any CPU
		{F18937E4-025A-4AAD-801E-06EAAC954D04}.Release|Any CPU.Build.0 = Release|Any CPU
	EndGlobalSection
	GlobalSection(SolutionProperties) = preSolution
		HideSolutionNode = FALSE
	EndGlobalSection
	GlobalSection(ExtensibilityGlobals) = postSolution
		SolutionGuid = {7309F543-7FAA-42A6-8F49-414B8D830F52}
	EndGlobalSection
EndGlobal
