
Microsoft Visual Studio Solution File, Format Version 12.00
# Visual Studio Version 17
VisualStudioVersion = 17.0.32112.339
MinimumVisualStudioVersion = 10.0.40219.1
Project("{9A19103F-16F7-4668-BE54-9A1E7A4F7556}") = "01.Day of week", "T01.Day of week\01.Day of week.csproj", "{9E7C9E38-EA47-4AB0-B656-782EE4AFE3D4}"
EndProject
Project("{9A19103F-16F7-4668-BE54-9A1E7A4F7556}") = "02.Working day", "02.Working day\02.Working day.csproj", "{31F26CED-8107-4E39-962A-D26321E4DE5A}"
EndProject
Project("{9A19103F-16F7-4668-BE54-9A1E7A4F7556}") = "03. ClassAnimal", "03. ClassAnimal\03. ClassAnimal.csproj", "{0E74D27A-3242-43EA-876B-71FD39C80CDE}"
EndProject
Project("{FAE04EC0-301F-11D3-BF4B-00C04F79EFBC}") = "04. Personal Titles", "04. Personal Titles\04. Personal Titles.csproj", "{B53476A6-4119-4C94-8A01-3DCC52F2BE7C}"
EndProject
Project("{FAE04EC0-301F-11D3-BF4B-00C04F79EFBC}") = "05. Small Shop", "05. Small Shop\05. Small Shop.csproj", "{EA8DF49D-45E2-43D2-A2AB-19EFEF827A02}"
EndProject
Project("{FAE04EC0-301F-11D3-BF4B-00C04F79EFBC}") = "06. Number in Range", "06. Number in Range\06. Number in Range.csproj", "{233109A6-F695-46A0-B20F-D28F8A2FA8DF}"
EndProject
Project("{FAE04EC0-301F-11D3-BF4B-00C04F79EFBC}") = "07.Working Hours", "07.Working Hours\07.Working Hours.csproj", "{0647CC4F-FFCB-42EA-A5AD-B7C5E607EB91}"
EndProject
Project("{FAE04EC0-301F-11D3-BF4B-00C04F79EFBC}") = "08.Cinema Ticket", "08.Cinema Ticket\08.Cinema Ticket.csproj", "{A5A1CABA-66A5-473A-8033-1B6B51885C8A}"
EndProject
Project("{FAE04EC0-301F-11D3-BF4B-00C04F79EFBC}") = "09. Fruit or Vegetable", "09. Fruit or Vegetable\09. Fruit or Vegetable.csproj", "{D9B90786-D2E4-43BC-973A-3198F5D242BC}"
EndProject
Project("{FAE04EC0-301F-11D3-BF4B-00C04F79EFBC}") = "10. Invalid Number", "10. Invalid Number\10. Invalid Number.csproj", "{0DE9E55F-FFD2-41F7-8D9E-2E6CCCA86891}"
EndProject
Project("{FAE04EC0-301F-11D3-BF4B-00C04F79EFBC}") = "11. Fruit Shop", "11. Fruit Shop\11. Fruit Shop.csproj", "{080B4A7C-843D-4920-A2B3-AEC84B12DBED}"
EndProject
Project("{FAE04EC0-301F-11D3-BF4B-00C04F79EFBC}") = "12. Trade Commissions", "12. Trade Commissions\12. Trade Commissions.csproj", "{081832F6-7C0A-4D37-8BB4-BB19FF9CE232}"
EndProject
Global
	GlobalSection(SolutionConfigurationPlatforms) = preSolution
		Debug|Any CPU = Debug|Any CPU
		Release|Any CPU = Release|Any CPU
	EndGlobalSection
	GlobalSection(ProjectConfigurationPlatforms) = postSolution
		{9E7C9E38-EA47-4AB0-B656-782EE4AFE3D4}.Debug|Any CPU.ActiveCfg = Debug|Any CPU
		{9E7C9E38-EA47-4AB0-B656-782EE4AFE3D4}.Debug|Any CPU.Build.0 = Debug|Any CPU
		{9E7C9E38-EA47-4AB0-B656-782EE4AFE3D4}.Release|Any CPU.ActiveCfg = Release|Any CPU
		{9E7C9E38-EA47-4AB0-B656-782EE4AFE3D4}.Release|Any CPU.Build.0 = Release|Any CPU
		{31F26CED-8107-4E39-962A-D26321E4DE5A}.Debug|Any CPU.ActiveCfg = Debug|Any CPU
		{31F26CED-8107-4E39-962A-D26321E4DE5A}.Debug|Any CPU.Build.0 = Debug|Any CPU
		{31F26CED-8107-4E39-962A-D26321E4DE5A}.Release|Any CPU.ActiveCfg = Release|Any CPU
		{31F26CED-8107-4E39-962A-D26321E4DE5A}.Release|Any CPU.Build.0 = Release|Any CPU
		{0E74D27A-3242-43EA-876B-71FD39C80CDE}.Debug|Any CPU.ActiveCfg = Debug|Any CPU
		{0E74D27A-3242-43EA-876B-71FD39C80CDE}.Debug|Any CPU.Build.0 = Debug|Any CPU
		{0E74D27A-3242-43EA-876B-71FD39C80CDE}.Release|Any CPU.ActiveCfg = Release|Any CPU
		{0E74D27A-3242-43EA-876B-71FD39C80CDE}.Release|Any CPU.Build.0 = Release|Any CPU
		{B53476A6-4119-4C94-8A01-3DCC52F2BE7C}.Debug|Any CPU.ActiveCfg = Debug|Any CPU
		{B53476A6-4119-4C94-8A01-3DCC52F2BE7C}.Debug|Any CPU.Build.0 = Debug|Any CPU
		{B53476A6-4119-4C94-8A01-3DCC52F2BE7C}.Release|Any CPU.ActiveCfg = Release|Any CPU
		{B53476A6-4119-4C94-8A01-3DCC52F2BE7C}.Release|Any CPU.Build.0 = Release|Any CPU
		{EA8DF49D-45E2-43D2-A2AB-19EFEF827A02}.Debug|Any CPU.ActiveCfg = Debug|Any CPU
		{EA8DF49D-45E2-43D2-A2AB-19EFEF827A02}.Debug|Any CPU.Build.0 = Debug|Any CPU
		{EA8DF49D-45E2-43D2-A2AB-19EFEF827A02}.Release|Any CPU.ActiveCfg = Release|Any CPU
		{EA8DF49D-45E2-43D2-A2AB-19EFEF827A02}.Release|Any CPU.Build.0 = Release|Any CPU
		{233109A6-F695-46A0-B20F-D28F8A2FA8DF}.Debug|Any CPU.ActiveCfg = Debug|Any CPU
		{233109A6-F695-46A0-B20F-D28F8A2FA8DF}.Debug|Any CPU.Build.0 = Debug|Any CPU
		{233109A6-F695-46A0-B20F-D28F8A2FA8DF}.Release|Any CPU.ActiveCfg = Release|Any CPU
		{233109A6-F695-46A0-B20F-D28F8A2FA8DF}.Release|Any CPU.Build.0 = Release|Any CPU
		{0647CC4F-FFCB-42EA-A5AD-B7C5E607EB91}.Debug|Any CPU.ActiveCfg = Debug|Any CPU
		{0647CC4F-FFCB-42EA-A5AD-B7C5E607EB91}.Debug|Any CPU.Build.0 = Debug|Any CPU
		{0647CC4F-FFCB-42EA-A5AD-B7C5E607EB91}.Release|Any CPU.ActiveCfg = Release|Any CPU
		{0647CC4F-FFCB-42EA-A5AD-B7C5E607EB91}.Release|Any CPU.Build.0 = Release|Any CPU
		{A5A1CABA-66A5-473A-8033-1B6B51885C8A}.Debug|Any CPU.ActiveCfg = Debug|Any CPU
		{A5A1CABA-66A5-473A-8033-1B6B51885C8A}.Debug|Any CPU.Build.0 = Debug|Any CPU
		{A5A1CABA-66A5-473A-8033-1B6B51885C8A}.Release|Any CPU.ActiveCfg = Release|Any CPU
		{A5A1CABA-66A5-473A-8033-1B6B51885C8A}.Release|Any CPU.Build.0 = Release|Any CPU
		{D9B90786-D2E4-43BC-973A-3198F5D242BC}.Debug|Any CPU.ActiveCfg = Debug|Any CPU
		{D9B90786-D2E4-43BC-973A-3198F5D242BC}.Debug|Any CPU.Build.0 = Debug|Any CPU
		{D9B90786-D2E4-43BC-973A-3198F5D242BC}.Release|Any CPU.ActiveCfg = Release|Any CPU
		{D9B90786-D2E4-43BC-973A-3198F5D242BC}.Release|Any CPU.Build.0 = Release|Any CPU
		{0DE9E55F-FFD2-41F7-8D9E-2E6CCCA86891}.Debug|Any CPU.ActiveCfg = Debug|Any CPU
		{0DE9E55F-FFD2-41F7-8D9E-2E6CCCA86891}.Debug|Any CPU.Build.0 = Debug|Any CPU
		{0DE9E55F-FFD2-41F7-8D9E-2E6CCCA86891}.Release|Any CPU.ActiveCfg = Release|Any CPU
		{0DE9E55F-FFD2-41F7-8D9E-2E6CCCA86891}.Release|Any CPU.Build.0 = Release|Any CPU
		{080B4A7C-843D-4920-A2B3-AEC84B12DBED}.Debug|Any CPU.ActiveCfg = Debug|Any CPU
		{080B4A7C-843D-4920-A2B3-AEC84B12DBED}.Debug|Any CPU.Build.0 = Debug|Any CPU
		{080B4A7C-843D-4920-A2B3-AEC84B12DBED}.Release|Any CPU.ActiveCfg = Release|Any CPU
		{080B4A7C-843D-4920-A2B3-AEC84B12DBED}.Release|Any CPU.Build.0 = Release|Any CPU
		{081832F6-7C0A-4D37-8BB4-BB19FF9CE232}.Debug|Any CPU.ActiveCfg = Debug|Any CPU
		{081832F6-7C0A-4D37-8BB4-BB19FF9CE232}.Debug|Any CPU.Build.0 = Debug|Any CPU
		{081832F6-7C0A-4D37-8BB4-BB19FF9CE232}.Release|Any CPU.ActiveCfg = Release|Any CPU
		{081832F6-7C0A-4D37-8BB4-BB19FF9CE232}.Release|Any CPU.Build.0 = Release|Any CPU
	EndGlobalSection
	GlobalSection(SolutionProperties) = preSolution
		HideSolutionNode = FALSE
	EndGlobalSection
	GlobalSection(ExtensibilityGlobals) = postSolution
		SolutionGuid = {7BD1DCCC-E9C5-45A1-BB21-8649FF036F55}
	EndGlobalSection
EndGlobal
